
Microsoft Visual Studio Solution File, Format Version 12.00
# Visual Studio Version 16
VisualStudioVersion = 16.0.31829.152
MinimumVisualStudioVersion = 10.0.40219.1
Project("{FAE04EC0-301F-11D3-BF4B-00C04F79EFBC}") = "NurseryProject", "NurseryProject\NurseryProject.csproj", "{09093A82-6F48-47EE-970A-AC126B41846D}"
EndProject
Global
	GlobalSection(SolutionConfigurationPlatforms) = preSolution
		Debug|Any CPU = Debug|Any CPU
		Release|Any CPU = Release|Any CPU
	EndGlobalSection
	GlobalSection(ProjectConfigurationPlatforms) = postSolution
		{09093A82-6F48-47EE-970A-AC126B41846D}.Debug|Any CPU.ActiveCfg = Debug|Any CPU
		{09093A82-6F48-47EE-970A-AC126B41846D}.Debug|Any CPU.Build.0 = Debug|Any CPU
		{09093A82-6F48-47EE-970A-AC126B41846D}.Release|Any CPU.ActiveCfg = Release|Any CPU
		{09093A82-6F48-47EE-970A-AC126B41846D}.Release|Any CPU.Build.0 = Release|Any CPU
	EndGlobalSection
	GlobalSection(SolutionProperties) = preSolution
		HideSolutionNode = FALSE
	EndGlobalSection
	GlobalSection(ExtensibilityGlobals) = postSolution
		SolutionGuid = {C2ECBFBA-D6D0-4EA6-B049-083F63CEAEC5}
	EndGlobalSection
EndGlobal
